
Microsoft Visual Studio Solution File, Format Version 12.00
# Visual Studio Version 16
VisualStudioVersion = 16.0.32228.343
MinimumVisualStudioVersion = 10.0.40219.1
Project("{FAE04EC0-301F-11D3-BF4B-00C04F79EFBC}") = "TorturaParaExplicarPorQueUsarLinq", "TorturaParaExplicarPorQueUsarLinq\TorturaParaExplicarPorQueUsarLinq.csproj", "{92B024CF-D6AB-4019-B0AB-C2C804773CAA}"
EndProject
Global
	GlobalSection(SolutionConfigurationPlatforms) = preSolution
		Debug|Any CPU = Debug|Any CPU
		Release|Any CPU = Release|Any CPU
	EndGlobalSection
	GlobalSection(ProjectConfigurationPlatforms) = postSolution
		{92B024CF-D6AB-4019-B0AB-C2C804773CAA}.Debug|Any CPU.ActiveCfg = Debug|Any CPU
		{92B024CF-D6AB-4019-B0AB-C2C804773CAA}.Debug|Any CPU.Build.0 = Debug|Any CPU
		{92B024CF-D6AB-4019-B0AB-C2C804773CAA}.Release|Any CPU.ActiveCfg = Release|Any CPU
		{92B024CF-D6AB-4019-B0AB-C2C804773CAA}.Release|Any CPU.Build.0 = Release|Any CPU
	EndGlobalSection
	GlobalSection(SolutionProperties) = preSolution
		HideSolutionNode = FALSE
	EndGlobalSection
	GlobalSection(ExtensibilityGlobals) = postSolution
		SolutionGuid = {D1F37FE9-E1E0-453F-9F1C-478F077BAA9B}
	EndGlobalSection
EndGlobal
